
Microsoft Visual Studio Solution File, Format Version 12.00
# Visual Studio Version 17
VisualStudioVersion = 17.0.32014.148
MinimumVisualStudioVersion = 10.0.40219.1
Project("{8BC9CEB8-8B4A-11D0-8D11-00A0C91BC942}") = "MiniProjectMain", "src\MiniProjectMain\MiniProjectMain.vcxproj", "{6DAF4964-BE0C-4D51-9607-9882759B9737}"
EndProject
Project("{FAE04EC0-301F-11D3-BF4B-00C04F79EFBC}") = "MiniProject_GUI", "src\MiniProject_GUI\MiniProject_GUI.csproj", "{F4182E72-43B1-4722-BEA8-61D31750C480}"
EndProject
Project("{8BC9CEB8-8B4A-11D0-8D11-00A0C91BC942}") = "RTICommunicationManager", "src\RTICommunicationManager\RTICommunicationManager.vcxproj", "{A3FC0430-26F2-4EBF-8B7A-BE409D59768D}"
EndProject
Project("{8BC9CEB8-8B4A-11D0-8D11-00A0C91BC942}") = "CommandManager", "src\CommandManager\CommandManager.vcxproj", "{1422E280-64A5-4E3D-915A-762DDB6233AD}"
EndProject
Project("{8BC9CEB8-8B4A-11D0-8D11-00A0C91BC942}") = "BarManager", "src\BarManager\BarManager.vcxproj", "{ED6A01F0-D221-4F4C-A574-2A1C3AD16C0A}"
EndProject
Project("{8BC9CEB8-8B4A-11D0-8D11-00A0C91BC942}") = "FooManager", "src\FooManager\FooManager.vcxproj", "{ED6A01F0-D221-4F4C-A574-2A0D3AD16C0A}"
EndProject
Project("{2150E333-8FDC-42A3-9474-1A3956D46DE8}") = "PlugInManager", "PlugInManager", "{190E9A0A-A577-4E01-8462-5B3DBBD41D28}"
EndProject
Project("{2150E333-8FDC-42A3-9474-1A3956D46DE8}") = "ConsoleMain", "ConsoleMain", "{8AB46294-6251-4E0B-A535-C30AC8A5AA40}"
EndProject
Project("{2150E333-8FDC-42A3-9474-1A3956D46DE8}") = "Communication", "Communication", "{0FA14B51-DE65-4B73-B867-98E01E6727D3}"
EndProject
Project("{8BC9CEB8-8B4A-11D0-8D11-00A0C91BC942}") = "TCPCommunicationManager", "src\TCPCommunicationManager\TCPCommunicationManager.vcxproj", "{250DC1D9-F775-448F-920B-65DFF94BFB84}"
EndProject
Project("{8BC9CEB8-8B4A-11D0-8D11-00A0C91BC942}") = "UDPCommunicationManager", "src\UDPCommunicationManager\UDPCommunicationManager.vcxproj", "{D0397AE5-864E-401F-93CE-1075DCD4A9F7}"
EndProject
Project("{2150E333-8FDC-42A3-9474-1A3956D46DE8}") = "GUIMain", "GUIMain", "{70EEE7C6-ED34-45F8-834E-8C87EDC155EF}"
EndProject
Project("{8BC9CEB8-8B4A-11D0-8D11-00A0C91BC942}") = "UIManager", "src\UIManager\UIManager.vcxproj", "{FB60CFC3-C430-4F07-A16C-060DCD3119B4}"
EndProject
Project("{8BC9CEB8-8B4A-11D0-8D11-00A0C91BC942}") = "NewRoleManager", "src\NewRoleManager\NewRoleManager.vcxproj", "{45CB52AD-8334-0964-7535-2B818EF60312}"
EndProject
Global
	GlobalSection(SolutionConfigurationPlatforms) = preSolution
		Debug_MAK|Any CPU = Debug_MAK|Any CPU
		Debug_MAK|x64 = Debug_MAK|x64
		Debug_MAK|x86 = Debug_MAK|x86
		Debug|Any CPU = Debug|Any CPU
		Debug|x64 = Debug|x64
		Debug|x86 = Debug|x86
		Release_MAK|Any CPU = Release_MAK|Any CPU
		Release_MAK|x64 = Release_MAK|x64
		Release_MAK|x86 = Release_MAK|x86
		Release|Any CPU = Release|Any CPU
		Release|x64 = Release|x64
		Release|x86 = Release|x86
	EndGlobalSection
	GlobalSection(ProjectConfigurationPlatforms) = postSolution
		{6DAF4964-BE0C-4D51-9607-9882759B9737}.Debug_MAK|Any CPU.ActiveCfg = Release|Win32
		{6DAF4964-BE0C-4D51-9607-9882759B9737}.Debug_MAK|Any CPU.Build.0 = Release|Win32
		{6DAF4964-BE0C-4D51-9607-9882759B9737}.Debug_MAK|x64.ActiveCfg = Debug|x64
		{6DAF4964-BE0C-4D51-9607-9882759B9737}.Debug_MAK|x64.Build.0 = Debug|x64
		{6DAF4964-BE0C-4D51-9607-9882759B9737}.Debug_MAK|x86.ActiveCfg = Debug|Win32
		{6DAF4964-BE0C-4D51-9607-9882759B9737}.Debug_MAK|x86.Build.0 = Debug|Win32
		{6DAF4964-BE0C-4D51-9607-9882759B9737}.Debug|Any CPU.ActiveCfg = Debug|x64
		{6DAF4964-BE0C-4D51-9607-9882759B9737}.Debug|Any CPU.Build.0 = Debug|x64
		{6DAF4964-BE0C-4D51-9607-9882759B9737}.Debug|x64.ActiveCfg = Debug|x64
		{6DAF4964-BE0C-4D51-9607-9882759B9737}.Debug|x64.Build.0 = Debug|x64
		{6DAF4964-BE0C-4D51-9607-9882759B9737}.Debug|x86.ActiveCfg = Debug|Win32
		{6DAF4964-BE0C-4D51-9607-9882759B9737}.Debug|x86.Build.0 = Debug|Win32
		{6DAF4964-BE0C-4D51-9607-9882759B9737}.Release_MAK|Any CPU.ActiveCfg = Release|Win32
		{6DAF4964-BE0C-4D51-9607-9882759B9737}.Release_MAK|Any CPU.Build.0 = Release|Win32
		{6DAF4964-BE0C-4D51-9607-9882759B9737}.Release_MAK|x64.ActiveCfg = Release|x64
		{6DAF4964-BE0C-4D51-9607-9882759B9737}.Release_MAK|x64.Build.0 = Release|x64
		{6DAF4964-BE0C-4D51-9607-9882759B9737}.Release_MAK|x86.ActiveCfg = Release|Win32
		{6DAF4964-BE0C-4D51-9607-9882759B9737}.Release_MAK|x86.Build.0 = Release|Win32
		{6DAF4964-BE0C-4D51-9607-9882759B9737}.Release|Any CPU.ActiveCfg = Release|x64
		{6DAF4964-BE0C-4D51-9607-9882759B9737}.Release|Any CPU.Build.0 = Release|x64
		{6DAF4964-BE0C-4D51-9607-9882759B9737}.Release|x64.ActiveCfg = Release|x64
		{6DAF4964-BE0C-4D51-9607-9882759B9737}.Release|x64.Build.0 = Release|x64
		{6DAF4964-BE0C-4D51-9607-9882759B9737}.Release|x86.ActiveCfg = Release|Win32
		{6DAF4964-BE0C-4D51-9607-9882759B9737}.Release|x86.Build.0 = Release|Win32
		{F4182E72-43B1-4722-BEA8-61D31750C480}.Debug_MAK|Any CPU.ActiveCfg = Release|x64
		{F4182E72-43B1-4722-BEA8-61D31750C480}.Debug_MAK|Any CPU.Build.0 = Release|x64
		{F4182E72-43B1-4722-BEA8-61D31750C480}.Debug_MAK|x64.ActiveCfg = Debug|x64
		{F4182E72-43B1-4722-BEA8-61D31750C480}.Debug_MAK|x64.Build.0 = Debug|x64
		{F4182E72-43B1-4722-BEA8-61D31750C480}.Debug_MAK|x86.ActiveCfg = Debug|x64
		{F4182E72-43B1-4722-BEA8-61D31750C480}.Debug_MAK|x86.Build.0 = Debug|x64
		{F4182E72-43B1-4722-BEA8-61D31750C480}.Debug|Any CPU.ActiveCfg = Debug|x64
		{F4182E72-43B1-4722-BEA8-61D31750C480}.Debug|Any CPU.Build.0 = Debug|x64
		{F4182E72-43B1-4722-BEA8-61D31750C480}.Debug|x64.ActiveCfg = Debug|x64
		{F4182E72-43B1-4722-BEA8-61D31750C480}.Debug|x64.Build.0 = Debug|x64
		{F4182E72-43B1-4722-BEA8-61D31750C480}.Debug|x86.ActiveCfg = Debug|x64
		{F4182E72-43B1-4722-BEA8-61D31750C480}.Debug|x86.Build.0 = Debug|x64
		{F4182E72-43B1-4722-BEA8-61D31750C480}.Release_MAK|Any CPU.ActiveCfg = Release|x64
		{F4182E72-43B1-4722-BEA8-61D31750C480}.Release_MAK|Any CPU.Build.0 = Release|x64
		{F4182E72-43B1-4722-BEA8-61D31750C480}.Release_MAK|x64.ActiveCfg = Release|x64
		{F4182E72-43B1-4722-BEA8-61D31750C480}.Release_MAK|x64.Build.0 = Release|x64
		{F4182E72-43B1-4722-BEA8-61D31750C480}.Release_MAK|x86.ActiveCfg = Debug|x64
		{F4182E72-43B1-4722-BEA8-61D31750C480}.Release_MAK|x86.Build.0 = Debug|x64
		{F4182E72-43B1-4722-BEA8-61D31750C480}.Release|Any CPU.ActiveCfg = Release|x64
		{F4182E72-43B1-4722-BEA8-61D31750C480}.Release|Any CPU.Build.0 = Release|x64
		{F4182E72-43B1-4722-BEA8-61D31750C480}.Release|x64.ActiveCfg = Release|x64
		{F4182E72-43B1-4722-BEA8-61D31750C480}.Release|x64.Build.0 = Release|x64
		{F4182E72-43B1-4722-BEA8-61D31750C480}.Release|x86.ActiveCfg = Release|x64
		{F4182E72-43B1-4722-BEA8-61D31750C480}.Release|x86.Build.0 = Release|x64
		{A3FC0430-26F2-4EBF-8B7A-BE409D59768D}.Debug_MAK|Any CPU.ActiveCfg = Debug_MAK|x64
		{A3FC0430-26F2-4EBF-8B7A-BE409D59768D}.Debug_MAK|Any CPU.Build.0 = Debug_MAK|x64
		{A3FC0430-26F2-4EBF-8B7A-BE409D59768D}.Debug_MAK|x64.ActiveCfg = Debug_MAK|x64
		{A3FC0430-26F2-4EBF-8B7A-BE409D59768D}.Debug_MAK|x64.Build.0 = Debug_MAK|x64
		{A3FC0430-26F2-4EBF-8B7A-BE409D59768D}.Debug_MAK|x86.ActiveCfg = Debug_MAK|Win32
		{A3FC0430-26F2-4EBF-8B7A-BE409D59768D}.Debug_MAK|x86.Build.0 = Debug_MAK|Win32
		{A3FC0430-26F2-4EBF-8B7A-BE409D59768D}.Debug|Any CPU.ActiveCfg = Debug|x64
		{A3FC0430-26F2-4EBF-8B7A-BE409D59768D}.Debug|Any CPU.Build.0 = Debug|x64
		{A3FC0430-26F2-4EBF-8B7A-BE409D59768D}.Debug|x64.ActiveCfg = Debug|x64
		{A3FC0430-26F2-4EBF-8B7A-BE409D59768D}.Debug|x64.Build.0 = Debug|x64
		{A3FC0430-26F2-4EBF-8B7A-BE409D59768D}.Debug|x86.ActiveCfg = Debug|Win32
		{A3FC0430-26F2-4EBF-8B7A-BE409D59768D}.Debug|x86.Build.0 = Debug|Win32
		{A3FC0430-26F2-4EBF-8B7A-BE409D59768D}.Release_MAK|Any CPU.ActiveCfg = Release_MAK|x64
		{A3FC0430-26F2-4EBF-8B7A-BE409D59768D}.Release_MAK|Any CPU.Build.0 = Release_MAK|x64
		{A3FC0430-26F2-4EBF-8B7A-BE409D59768D}.Release_MAK|x64.ActiveCfg = Release_MAK|x64
		{A3FC0430-26F2-4EBF-8B7A-BE409D59768D}.Release_MAK|x64.Build.0 = Release_MAK|x64
		{A3FC0430-26F2-4EBF-8B7A-BE409D59768D}.Release_MAK|x86.ActiveCfg = Release_MAK|Win32
		{A3FC0430-26F2-4EBF-8B7A-BE409D59768D}.Release_MAK|x86.Build.0 = Release_MAK|Win32
		{A3FC0430-26F2-4EBF-8B7A-BE409D59768D}.Release|Any CPU.ActiveCfg = Release|x64
		{A3FC0430-26F2-4EBF-8B7A-BE409D59768D}.Release|Any CPU.Build.0 = Release|x64
		{A3FC0430-26F2-4EBF-8B7A-BE409D59768D}.Release|x64.ActiveCfg = Release|x64
		{A3FC0430-26F2-4EBF-8B7A-BE409D59768D}.Release|x64.Build.0 = Release|x64
		{A3FC0430-26F2-4EBF-8B7A-BE409D59768D}.Release|x86.ActiveCfg = Release|Win32
		{A3FC0430-26F2-4EBF-8B7A-BE409D59768D}.Release|x86.Build.0 = Release|Win32
		{1422E280-64A5-4E3D-915A-762DDB6233AD}.Debug_MAK|Any CPU.ActiveCfg = Release|Win32
		{1422E280-64A5-4E3D-915A-762DDB6233AD}.Debug_MAK|Any CPU.Build.0 = Release|Win32
		{1422E280-64A5-4E3D-915A-762DDB6233AD}.Debug_MAK|x64.ActiveCfg = Debug|x64
		{1422E280-64A5-4E3D-915A-762DDB6233AD}.Debug_MAK|x64.Build.0 = Debug|x64
		{1422E280-64A5-4E3D-915A-762DDB6233AD}.Debug_MAK|x86.ActiveCfg = Debug|Win32
		{1422E280-64A5-4E3D-915A-762DDB6233AD}.Debug_MAK|x86.Build.0 = Debug|Win32
		{1422E280-64A5-4E3D-915A-762DDB6233AD}.Debug|Any CPU.ActiveCfg = Debug|x64
		{1422E280-64A5-4E3D-915A-762DDB6233AD}.Debug|Any CPU.Build.0 = Debug|x64
		{1422E280-64A5-4E3D-915A-762DDB6233AD}.Debug|x64.ActiveCfg = Debug|x64
		{1422E280-64A5-4E3D-915A-762DDB6233AD}.Debug|x64.Build.0 = Debug|x64
		{1422E280-64A5-4E3D-915A-762DDB6233AD}.Debug|x86.ActiveCfg = Debug|Win32
		{1422E280-64A5-4E3D-915A-762DDB6233AD}.Debug|x86.Build.0 = Debug|Win32
		{1422E280-64A5-4E3D-915A-762DDB6233AD}.Release_MAK|Any CPU.ActiveCfg = Release|Win32
		{1422E280-64A5-4E3D-915A-762DDB6233AD}.Release_MAK|Any CPU.Build.0 = Release|Win32
		{1422E280-64A5-4E3D-915A-762DDB6233AD}.Release_MAK|x64.ActiveCfg = Release|x64
		{1422E280-64A5-4E3D-915A-762DDB6233AD}.Release_MAK|x64.Build.0 = Release|x64
		{1422E280-64A5-4E3D-915A-762DDB6233AD}.Release_MAK|x86.ActiveCfg = Release|Win32
		{1422E280-64A5-4E3D-915A-762DDB6233AD}.Release_MAK|x86.Build.0 = Release|Win32
		{1422E280-64A5-4E3D-915A-762DDB6233AD}.Release|Any CPU.ActiveCfg = Release|x64
		{1422E280-64A5-4E3D-915A-762DDB6233AD}.Release|Any CPU.Build.0 = Release|x64
		{1422E280-64A5-4E3D-915A-762DDB6233AD}.Release|x64.ActiveCfg = Release|x64
		{1422E280-64A5-4E3D-915A-762DDB6233AD}.Release|x64.Build.0 = Release|x64
		{1422E280-64A5-4E3D-915A-762DDB6233AD}.Release|x86.ActiveCfg = Release|Win32
		{1422E280-64A5-4E3D-915A-762DDB6233AD}.Release|x86.Build.0 = Release|Win32
		{ED6A01F0-D221-4F4C-A574-2A1C3AD16C0A}.Debug_MAK|Any CPU.ActiveCfg = Release|Win32
		{ED6A01F0-D221-4F4C-A574-2A1C3AD16C0A}.Debug_MAK|Any CPU.Build.0 = Release|Win32
		{ED6A01F0-D221-4F4C-A574-2A1C3AD16C0A}.Debug_MAK|x64.ActiveCfg = Debug|x64
		{ED6A01F0-D221-4F4C-A574-2A1C3AD16C0A}.Debug_MAK|x64.Build.0 = Debug|x64
		{ED6A01F0-D221-4F4C-A574-2A1C3AD16C0A}.Debug_MAK|x86.ActiveCfg = Debug|Win32
		{ED6A01F0-D221-4F4C-A574-2A1C3AD16C0A}.Debug_MAK|x86.Build.0 = Debug|Win32
		{ED6A01F0-D221-4F4C-A574-2A1C3AD16C0A}.Debug|Any CPU.ActiveCfg = Debug|x64
		{ED6A01F0-D221-4F4C-A574-2A1C3AD16C0A}.Debug|Any CPU.Build.0 = Debug|x64
		{ED6A01F0-D221-4F4C-A574-2A1C3AD16C0A}.Debug|x64.ActiveCfg = Debug|x64
		{ED6A01F0-D221-4F4C-A574-2A1C3AD16C0A}.Debug|x64.Build.0 = Debug|x64
		{ED6A01F0-D221-4F4C-A574-2A1C3AD16C0A}.Debug|x86.ActiveCfg = Debug|Win32
		{ED6A01F0-D221-4F4C-A574-2A1C3AD16C0A}.Debug|x86.Build.0 = Debug|Win32
		{ED6A01F0-D221-4F4C-A574-2A1C3AD16C0A}.Release_MAK|Any CPU.ActiveCfg = Release|Win32
		{ED6A01F0-D221-4F4C-A574-2A1C3AD16C0A}.Release_MAK|Any CPU.Build.0 = Release|Win32
		{ED6A01F0-D221-4F4C-A574-2A1C3AD16C0A}.Release_MAK|x64.ActiveCfg = Release|x64
		{ED6A01F0-D221-4F4C-A574-2A1C3AD16C0A}.Release_MAK|x64.Build.0 = Release|x64
		{ED6A01F0-D221-4F4C-A574-2A1C3AD16C0A}.Release_MAK|x86.ActiveCfg = Release|Win32
		{ED6A01F0-D221-4F4C-A574-2A1C3AD16C0A}.Release_MAK|x86.Build.0 = Release|Win32
		{ED6A01F0-D221-4F4C-A574-2A1C3AD16C0A}.Release|Any CPU.ActiveCfg = Release|x64
		{ED6A01F0-D221-4F4C-A574-2A1C3AD16C0A}.Release|Any CPU.Build.0 = Release|x64
		{ED6A01F0-D221-4F4C-A574-2A1C3AD16C0A}.Release|x64.ActiveCfg = Release|x64
		{ED6A01F0-D221-4F4C-A574-2A1C3AD16C0A}.Release|x64.Build.0 = Release|x64
		{ED6A01F0-D221-4F4C-A574-2A1C3AD16C0A}.Release|x86.ActiveCfg = Release|Win32
		{ED6A01F0-D221-4F4C-A574-2A1C3AD16C0A}.Release|x86.Build.0 = Release|Win32
		{ED6A01F0-D221-4F4C-A574-2A0D3AD16C0A}.Debug_MAK|Any CPU.ActiveCfg = Release|Win32
		{ED6A01F0-D221-4F4C-A574-2A0D3AD16C0A}.Debug_MAK|Any CPU.Build.0 = Release|Win32
		{ED6A01F0-D221-4F4C-A574-2A0D3AD16C0A}.Debug_MAK|x64.ActiveCfg = Debug|x64
		{ED6A01F0-D221-4F4C-A574-2A0D3AD16C0A}.Debug_MAK|x64.Build.0 = Debug|x64
		{ED6A01F0-D221-4F4C-A574-2A0D3AD16C0A}.Debug_MAK|x86.ActiveCfg = Debug|Win32
		{ED6A01F0-D221-4F4C-A574-2A0D3AD16C0A}.Debug_MAK|x86.Build.0 = Debug|Win32
		{ED6A01F0-D221-4F4C-A574-2A0D3AD16C0A}.Debug|Any CPU.ActiveCfg = Debug|x64
		{ED6A01F0-D221-4F4C-A574-2A0D3AD16C0A}.Debug|Any CPU.Build.0 = Debug|x64
		{ED6A01F0-D221-4F4C-A574-2A0D3AD16C0A}.Debug|x64.ActiveCfg = Debug|x64
		{ED6A01F0-D221-4F4C-A574-2A0D3AD16C0A}.Debug|x64.Build.0 = Debug|x64
		{ED6A01F0-D221-4F4C-A574-2A0D3AD16C0A}.Debug|x86.ActiveCfg = Debug|Win32
		{ED6A01F0-D221-4F4C-A574-2A0D3AD16C0A}.Debug|x86.Build.0 = Debug|Win32
		{ED6A01F0-D221-4F4C-A574-2A0D3AD16C0A}.Release_MAK|Any CPU.ActiveCfg = Release|Win32
		{ED6A01F0-D221-4F4C-A574-2A0D3AD16C0A}.Release_MAK|Any CPU.Build.0 = Release|Win32
		{ED6A01F0-D221-4F4C-A574-2A0D3AD16C0A}.Release_MAK|x64.ActiveCfg = Release|x64
		{ED6A01F0-D221-4F4C-A574-2A0D3AD16C0A}.Release_MAK|x64.Build.0 = Release|x64
		{ED6A01F0-D221-4F4C-A574-2A0D3AD16C0A}.Release_MAK|x86.ActiveCfg = Release|Win32
		{ED6A01F0-D221-4F4C-A574-2A0D3AD16C0A}.Release_MAK|x86.Build.0 = Release|Win32
		{ED6A01F0-D221-4F4C-A574-2A0D3AD16C0A}.Release|Any CPU.ActiveCfg = Release|x64
		{ED6A01F0-D221-4F4C-A574-2A0D3AD16C0A}.Release|Any CPU.Build.0 = Release|x64
		{ED6A01F0-D221-4F4C-A574-2A0D3AD16C0A}.Release|x64.ActiveCfg = Release|x64
		{ED6A01F0-D221-4F4C-A574-2A0D3AD16C0A}.Release|x64.Build.0 = Release|x64
		{ED6A01F0-D221-4F4C-A574-2A0D3AD16C0A}.Release|x86.ActiveCfg = Release|Win32
		{ED6A01F0-D221-4F4C-A574-2A0D3AD16C0A}.Release|x86.Build.0 = Release|Win32
		{250DC1D9-F775-448F-920B-65DFF94BFB84}.Debug_MAK|Any CPU.ActiveCfg = Debug|x64
		{250DC1D9-F775-448F-920B-65DFF94BFB84}.Debug_MAK|Any CPU.Build.0 = Debug|x64
		{250DC1D9-F775-448F-920B-65DFF94BFB84}.Debug_MAK|x64.ActiveCfg = Debug|x64
		{250DC1D9-F775-448F-920B-65DFF94BFB84}.Debug_MAK|x64.Build.0 = Debug|x64
		{250DC1D9-F775-448F-920B-65DFF94BFB84}.Debug_MAK|x86.ActiveCfg = Debug|Win32
		{250DC1D9-F775-448F-920B-65DFF94BFB84}.Debug_MAK|x86.Build.0 = Debug|Win32
		{250DC1D9-F775-448F-920B-65DFF94BFB84}.Debug|Any CPU.ActiveCfg = Debug|x64
		{250DC1D9-F775-448F-920B-65DFF94BFB84}.Debug|Any CPU.Build.0 = Debug|x64
		{250DC1D9-F775-448F-920B-65DFF94BFB84}.Debug|x64.ActiveCfg = Debug|x64
		{250DC1D9-F775-448F-920B-65DFF94BFB84}.Debug|x64.Build.0 = Debug|x64
		{250DC1D9-F775-448F-920B-65DFF94BFB84}.Debug|x86.ActiveCfg = Debug|Win32
		{250DC1D9-F775-448F-920B-65DFF94BFB84}.Debug|x86.Build.0 = Debug|Win32
		{250DC1D9-F775-448F-920B-65DFF94BFB84}.Release_MAK|Any CPU.ActiveCfg = Release|x64
		{250DC1D9-F775-448F-920B-65DFF94BFB84}.Release_MAK|Any CPU.Build.0 = Release|x64
		{250DC1D9-F775-448F-920B-65DFF94BFB84}.Release_MAK|x64.ActiveCfg = Release|x64
		{250DC1D9-F775-448F-920B-65DFF94BFB84}.Release_MAK|x64.Build.0 = Release|x64
		{250DC1D9-F775-448F-920B-65DFF94BFB84}.Release_MAK|x86.ActiveCfg = Release|Win32
		{250DC1D9-F775-448F-920B-65DFF94BFB84}.Release_MAK|x86.Build.0 = Release|Win32
		{250DC1D9-F775-448F-920B-65DFF94BFB84}.Release|Any CPU.ActiveCfg = Release|x64
		{250DC1D9-F775-448F-920B-65DFF94BFB84}.Release|Any CPU.Build.0 = Release|x64
		{250DC1D9-F775-448F-920B-65DFF94BFB84}.Release|x64.ActiveCfg = Release|x64
		{250DC1D9-F775-448F-920B-65DFF94BFB84}.Release|x64.Build.0 = Release|x64
		{250DC1D9-F775-448F-920B-65DFF94BFB84}.Release|x86.ActiveCfg = Release|Win32
		{250DC1D9-F775-448F-920B-65DFF94BFB84}.Release|x86.Build.0 = Release|Win32
		{D0397AE5-864E-401F-93CE-1075DCD4A9F7}.Debug_MAK|Any CPU.ActiveCfg = Debug|x64
		{D0397AE5-864E-401F-93CE-1075DCD4A9F7}.Debug_MAK|Any CPU.Build.0 = Debug|x64
		{D0397AE5-864E-401F-93CE-1075DCD4A9F7}.Debug_MAK|x64.ActiveCfg = Debug|x64
		{D0397AE5-864E-401F-93CE-1075DCD4A9F7}.Debug_MAK|x64.Build.0 = Debug|x64
		{D0397AE5-864E-401F-93CE-1075DCD4A9F7}.Debug_MAK|x86.ActiveCfg = Debug|Win32
		{D0397AE5-864E-401F-93CE-1075DCD4A9F7}.Debug_MAK|x86.Build.0 = Debug|Win32
		{D0397AE5-864E-401F-93CE-1075DCD4A9F7}.Debug|Any CPU.ActiveCfg = Debug|x64
		{D0397AE5-864E-401F-93CE-1075DCD4A9F7}.Debug|Any CPU.Build.0 = Debug|x64
		{D0397AE5-864E-401F-93CE-1075DCD4A9F7}.Debug|x64.ActiveCfg = Debug|x64
		{D0397AE5-864E-401F-93CE-1075DCD4A9F7}.Debug|x64.Build.0 = Debug|x64
		{D0397AE5-864E-401F-93CE-1075DCD4A9F7}.Debug|x86.ActiveCfg = Debug|Win32
		{D0397AE5-864E-401F-93CE-1075DCD4A9F7}.Debug|x86.Build.0 = Debug|Win32
		{D0397AE5-864E-401F-93CE-1075DCD4A9F7}.Release_MAK|Any CPU.ActiveCfg = Release|x64
		{D0397AE5-864E-401F-93CE-1075DCD4A9F7}.Release_MAK|Any CPU.Build.0 = Release|x64
		{D0397AE5-864E-401F-93CE-1075DCD4A9F7}.Release_MAK|x64.ActiveCfg = Release|x64
		{D0397AE5-864E-401F-93CE-1075DCD4A9F7}.Release_MAK|x64.Build.0 = Release|x64
		{D0397AE5-864E-401F-93CE-1075DCD4A9F7}.Release_MAK|x86.ActiveCfg = Release|Win32
		{D0397AE5-864E-401F-93CE-1075DCD4A9F7}.Release_MAK|x86.Build.0 = Release|Win32
		{D0397AE5-864E-401F-93CE-1075DCD4A9F7}.Release|Any CPU.ActiveCfg = Release|x64
		{D0397AE5-864E-401F-93CE-1075DCD4A9F7}.Release|Any CPU.Build.0 = Release|x64
		{D0397AE5-864E-401F-93CE-1075DCD4A9F7}.Release|x64.ActiveCfg = Release|x64
		{D0397AE5-864E-401F-93CE-1075DCD4A9F7}.Release|x64.Build.0 = Release|x64
		{D0397AE5-864E-401F-93CE-1075DCD4A9F7}.Release|x86.ActiveCfg = Release|Win32
		{D0397AE5-864E-401F-93CE-1075DCD4A9F7}.Release|x86.Build.0 = Release|Win32
		{FB60CFC3-C430-4F07-A16C-060DCD3119B4}.Debug_MAK|Any CPU.ActiveCfg = Debug|x64
		{FB60CFC3-C430-4F07-A16C-060DCD3119B4}.Debug_MAK|Any CPU.Build.0 = Debug|x64
		{FB60CFC3-C430-4F07-A16C-060DCD3119B4}.Debug_MAK|x64.ActiveCfg = Debug|x64
		{FB60CFC3-C430-4F07-A16C-060DCD3119B4}.Debug_MAK|x64.Build.0 = Debug|x64
		{FB60CFC3-C430-4F07-A16C-060DCD3119B4}.Debug_MAK|x86.ActiveCfg = Debug|Win32
		{FB60CFC3-C430-4F07-A16C-060DCD3119B4}.Debug_MAK|x86.Build.0 = Debug|Win32
		{FB60CFC3-C430-4F07-A16C-060DCD3119B4}.Debug|Any CPU.ActiveCfg = Debug|x64
		{FB60CFC3-C430-4F07-A16C-060DCD3119B4}.Debug|Any CPU.Build.0 = Debug|x64
		{FB60CFC3-C430-4F07-A16C-060DCD3119B4}.Debug|x64.ActiveCfg = Debug|x64
		{FB60CFC3-C430-4F07-A16C-060DCD3119B4}.Debug|x64.Build.0 = Debug|x64
		{FB60CFC3-C430-4F07-A16C-060DCD3119B4}.Debug|x86.ActiveCfg = Debug|Win32
		{FB60CFC3-C430-4F07-A16C-060DCD3119B4}.Debug|x86.Build.0 = Debug|Win32
		{FB60CFC3-C430-4F07-A16C-060DCD3119B4}.Release_MAK|Any CPU.ActiveCfg = Release|x64
		{FB60CFC3-C430-4F07-A16C-060DCD3119B4}.Release_MAK|Any CPU.Build.0 = Release|x64
		{FB60CFC3-C430-4F07-A16C-060DCD3119B4}.Release_MAK|x64.ActiveCfg = Release|x64
		{FB60CFC3-C430-4F07-A16C-060DCD3119B4}.Release_MAK|x64.Build.0 = Release|x64
		{FB60CFC3-C430-4F07-A16C-060DCD3119B4}.Release_MAK|x86.ActiveCfg = Release|Win32
		{FB60CFC3-C430-4F07-A16C-060DCD3119B4}.Release_MAK|x86.Build.0 = Release|Win32
		{FB60CFC3-C430-4F07-A16C-060DCD3119B4}.Release|Any CPU.ActiveCfg = Release|x64
		{FB60CFC3-C430-4F07-A16C-060DCD3119B4}.Release|Any CPU.Build.0 = Release|x64
		{FB60CFC3-C430-4F07-A16C-060DCD3119B4}.Release|x64.ActiveCfg = Release|x64
		{FB60CFC3-C430-4F07-A16C-060DCD3119B4}.Release|x64.Build.0 = Release|x64
		{FB60CFC3-C430-4F07-A16C-060DCD3119B4}.Release|x86.ActiveCfg = Release|Win32
		{FB60CFC3-C430-4F07-A16C-060DCD3119B4}.Release|x86.Build.0 = Release|Win32
		{45CB52AD-8334-0964-7535-2B818EF60312}.Debug_MAK|Any CPU.ActiveCfg = Debug|x64
		{45CB52AD-8334-0964-7535-2B818EF60312}.Debug_MAK|Any CPU.Build.0 = Debug|x64
		{45CB52AD-8334-0964-7535-2B818EF60312}.Debug_MAK|x64.ActiveCfg = Debug|x64
		{45CB52AD-8334-0964-7535-2B818EF60312}.Debug_MAK|x64.Build.0 = Debug|x64
		{45CB52AD-8334-0964-7535-2B818EF60312}.Debug_MAK|x86.ActiveCfg = Debug|Win32
		{45CB52AD-8334-0964-7535-2B818EF60312}.Debug_MAK|x86.Build.0 = Debug|Win32
		{45CB52AD-8334-0964-7535-2B818EF60312}.Debug|Any CPU.ActiveCfg = Debug|x64
		{45CB52AD-8334-0964-7535-2B818EF60312}.Debug|Any CPU.Build.0 = Debug|x64
		{45CB52AD-8334-0964-7535-2B818EF60312}.Debug|x64.ActiveCfg = Debug|x64
		{45CB52AD-8334-0964-7535-2B818EF60312}.Debug|x64.Build.0 = Debug|x64
		{45CB52AD-8334-0964-7535-2B818EF60312}.Debug|x86.ActiveCfg = Debug|Win32
		{45CB52AD-8334-0964-7535-2B818EF60312}.Debug|x86.Build.0 = Debug|Win32
		{45CB52AD-8334-0964-7535-2B818EF60312}.Release_MAK|Any CPU.ActiveCfg = Release|x64
		{45CB52AD-8334-0964-7535-2B818EF60312}.Release_MAK|Any CPU.Build.0 = Release|x64
		{45CB52AD-8334-0964-7535-2B818EF60312}.Release_MAK|x64.ActiveCfg = Release|x64
		{45CB52AD-8334-0964-7535-2B818EF60312}.Release_MAK|x64.Build.0 = Release|x64
		{45CB52AD-8334-0964-7535-2B818EF60312}.Release_MAK|x86.ActiveCfg = Release|Win32
		{45CB52AD-8334-0964-7535-2B818EF60312}.Release_MAK|x86.Build.0 = Release|Win32
		{45CB52AD-8334-0964-7535-2B818EF60312}.Release|Any CPU.ActiveCfg = Release|x64
		{45CB52AD-8334-0964-7535-2B818EF60312}.Release|Any CPU.Build.0 = Release|x64
		{45CB52AD-8334-0964-7535-2B818EF60312}.Release|x64.ActiveCfg = Release|x64
		{45CB52AD-8334-0964-7535-2B818EF60312}.Release|x64.Build.0 = Release|x64
		{45CB52AD-8334-0964-7535-2B818EF60312}.Release|x86.ActiveCfg = Release|Win32
		{45CB52AD-8334-0964-7535-2B818EF60312}.Release|x86.Build.0 = Release|Win32
	EndGlobalSection
	GlobalSection(SolutionProperties) = preSolution
		HideSolutionNode = FALSE
	EndGlobalSection
	GlobalSection(NestedProjects) = preSolution
		{6DAF4964-BE0C-4D51-9607-9882759B9737} = {8AB46294-6251-4E0B-A535-C30AC8A5AA40}
		{F4182E72-43B1-4722-BEA8-61D31750C480} = {70EEE7C6-ED34-45F8-834E-8C87EDC155EF}
		{A3FC0430-26F2-4EBF-8B7A-BE409D59768D} = {0FA14B51-DE65-4B73-B867-98E01E6727D3}
		{1422E280-64A5-4E3D-915A-762DDB6233AD} = {190E9A0A-A577-4E01-8462-5B3DBBD41D28}
		{ED6A01F0-D221-4F4C-A574-2A1C3AD16C0A} = {190E9A0A-A577-4E01-8462-5B3DBBD41D28}
		{ED6A01F0-D221-4F4C-A574-2A0D3AD16C0A} = {190E9A0A-A577-4E01-8462-5B3DBBD41D28}
		{250DC1D9-F775-448F-920B-65DFF94BFB84} = {0FA14B51-DE65-4B73-B867-98E01E6727D3}
		{D0397AE5-864E-401F-93CE-1075DCD4A9F7} = {0FA14B51-DE65-4B73-B867-98E01E6727D3}
		{FB60CFC3-C430-4F07-A16C-060DCD3119B4} = {190E9A0A-A577-4E01-8462-5B3DBBD41D28}
		{45CB52AD-8334-0964-7535-2B818EF60312} = {190E9A0A-A577-4E01-8462-5B3DBBD41D28}
	EndGlobalSection
	GlobalSection(ExtensibilityGlobals) = postSolution
		SolutionGuid = {6017363D-9B27-43A1-9E66-5FC3C543B73E}
	EndGlobalSection
EndGlobal
