
Microsoft Visual Studio Solution File, Format Version 12.00
# Visual Studio Version 17
VisualStudioVersion = 17.0.32014.148
MinimumVisualStudioVersion = 10.0.40219.1
Project("{8BC9CEB8-8B4A-11D0-8D11-00A0C91BC942}") = "MiniProjectMain", "src\MiniProjectMain\MiniProjectMain.vcxproj", "{6DAF4964-BE0C-4D51-9607-9882759B9737}"
EndProject
Project("{8BC9CEB8-8B4A-11D0-8D11-00A0C91BC942}") = "RTICommunicationManager", "src\RTICommunicationManager\RTICommunicationManager.vcxproj", "{A3FC0430-26F2-4EBF-8B7A-BE409D59768D}"
EndProject
Project("{8BC9CEB8-8B4A-11D0-8D11-00A0C91BC942}") = "CommandManager", "src\CommandManager\CommandManager.vcxproj", "{1422E280-64A5-4E3D-915A-762DDB6233AD}"
EndProject
Project("{2150E333-8FDC-42A3-9474-1A3956D46DE8}") = "PlugInManager", "PlugInManager", "{190E9A0A-A577-4E01-8462-5B3DBBD41D28}"
EndProject
Project("{2150E333-8FDC-42A3-9474-1A3956D46DE8}") = "ConsoleMain", "ConsoleMain", "{8AB46294-6251-4E0B-A535-C30AC8A5AA40}"
EndProject
Project("{2150E333-8FDC-42A3-9474-1A3956D46DE8}") = "Communication", "Communication", "{0FA14B51-DE65-4B73-B867-98E01E6727D3}"
EndProject
Project("{8BC9CEB8-8B4A-11D0-8D11-00A0C91BC942}") = "SimulationControlManager", "src\SimulationControlManager\SimulationControlManager.vcxproj", "{7EE80D1B-8BBB-4BEC-AE7A-A610A746DCB2}"
EndProject
Project("{8BC9CEB8-8B4A-11D0-8D11-00A0C91BC942}") = "ScenarioManager", "src\ScenarioManager\ScenarioManager.vcxproj", "{CC0DA053-0730-428B-9B84-9C5584C0EDBE}"
EndProject
Project("{8BC9CEB8-8B4A-11D0-8D11-00A0C91BC942}") = "MissileStatusManager", "src\MissileStatusManager\MissileStatusManager.vcxproj", "{BEED4211-97CB-424D-BBF1-93E06FC36470}"
EndProject
Global
	GlobalSection(SolutionConfigurationPlatforms) = preSolution
		Debug_MAK|Any CPU = Debug_MAK|Any CPU
		Debug_MAK|x64 = Debug_MAK|x64
		Debug_MAK|x86 = Debug_MAK|x86
		Debug|Any CPU = Debug|Any CPU
		Debug|x64 = Debug|x64
		Debug|x86 = Debug|x86
		Release_MAK|Any CPU = Release_MAK|Any CPU
		Release_MAK|x64 = Release_MAK|x64
		Release_MAK|x86 = Release_MAK|x86
		Release|Any CPU = Release|Any CPU
		Release|x64 = Release|x64
		Release|x86 = Release|x86
	EndGlobalSection
	GlobalSection(ProjectConfigurationPlatforms) = postSolution
		{6DAF4964-BE0C-4D51-9607-9882759B9737}.Debug_MAK|Any CPU.ActiveCfg = Release|Win32
		{6DAF4964-BE0C-4D51-9607-9882759B9737}.Debug_MAK|Any CPU.Build.0 = Release|Win32
		{6DAF4964-BE0C-4D51-9607-9882759B9737}.Debug_MAK|x64.ActiveCfg = Debug|x64
		{6DAF4964-BE0C-4D51-9607-9882759B9737}.Debug_MAK|x64.Build.0 = Debug|x64
		{6DAF4964-BE0C-4D51-9607-9882759B9737}.Debug_MAK|x86.ActiveCfg = Debug|Win32
		{6DAF4964-BE0C-4D51-9607-9882759B9737}.Debug_MAK|x86.Build.0 = Debug|Win32
		{6DAF4964-BE0C-4D51-9607-9882759B9737}.Debug|Any CPU.ActiveCfg = Debug|x64
		{6DAF4964-BE0C-4D51-9607-9882759B9737}.Debug|Any CPU.Build.0 = Debug|x64
		{6DAF4964-BE0C-4D51-9607-9882759B9737}.Debug|x64.ActiveCfg = Debug|x64
		{6DAF4964-BE0C-4D51-9607-9882759B9737}.Debug|x64.Build.0 = Debug|x64
		{6DAF4964-BE0C-4D51-9607-9882759B9737}.Debug|x86.ActiveCfg = Debug|Win32
		{6DAF4964-BE0C-4D51-9607-9882759B9737}.Debug|x86.Build.0 = Debug|Win32
		{6DAF4964-BE0C-4D51-9607-9882759B9737}.Release_MAK|Any CPU.ActiveCfg = Release|Win32
		{6DAF4964-BE0C-4D51-9607-9882759B9737}.Release_MAK|Any CPU.Build.0 = Release|Win32
		{6DAF4964-BE0C-4D51-9607-9882759B9737}.Release_MAK|x64.ActiveCfg = Release|x64
		{6DAF4964-BE0C-4D51-9607-9882759B9737}.Release_MAK|x64.Build.0 = Release|x64
		{6DAF4964-BE0C-4D51-9607-9882759B9737}.Release_MAK|x86.ActiveCfg = Release|Win32
		{6DAF4964-BE0C-4D51-9607-9882759B9737}.Release_MAK|x86.Build.0 = Release|Win32
		{6DAF4964-BE0C-4D51-9607-9882759B9737}.Release|Any CPU.ActiveCfg = Release|x64
		{6DAF4964-BE0C-4D51-9607-9882759B9737}.Release|Any CPU.Build.0 = Release|x64
		{6DAF4964-BE0C-4D51-9607-9882759B9737}.Release|x64.ActiveCfg = Release|x64
		{6DAF4964-BE0C-4D51-9607-9882759B9737}.Release|x64.Build.0 = Release|x64
		{6DAF4964-BE0C-4D51-9607-9882759B9737}.Release|x86.ActiveCfg = Release|Win32
		{6DAF4964-BE0C-4D51-9607-9882759B9737}.Release|x86.Build.0 = Release|Win32
		{A3FC0430-26F2-4EBF-8B7A-BE409D59768D}.Debug_MAK|Any CPU.ActiveCfg = Debug_MAK|x64
		{A3FC0430-26F2-4EBF-8B7A-BE409D59768D}.Debug_MAK|Any CPU.Build.0 = Debug_MAK|x64
		{A3FC0430-26F2-4EBF-8B7A-BE409D59768D}.Debug_MAK|x64.ActiveCfg = Debug_MAK|x64
		{A3FC0430-26F2-4EBF-8B7A-BE409D59768D}.Debug_MAK|x64.Build.0 = Debug_MAK|x64
		{A3FC0430-26F2-4EBF-8B7A-BE409D59768D}.Debug_MAK|x86.ActiveCfg = Debug_MAK|Win32
		{A3FC0430-26F2-4EBF-8B7A-BE409D59768D}.Debug_MAK|x86.Build.0 = Debug_MAK|Win32
		{A3FC0430-26F2-4EBF-8B7A-BE409D59768D}.Debug|Any CPU.ActiveCfg = Debug|x64
		{A3FC0430-26F2-4EBF-8B7A-BE409D59768D}.Debug|Any CPU.Build.0 = Debug|x64
		{A3FC0430-26F2-4EBF-8B7A-BE409D59768D}.Debug|x64.ActiveCfg = Debug|x64
		{A3FC0430-26F2-4EBF-8B7A-BE409D59768D}.Debug|x64.Build.0 = Debug|x64
		{A3FC0430-26F2-4EBF-8B7A-BE409D59768D}.Debug|x86.ActiveCfg = Debug|Win32
		{A3FC0430-26F2-4EBF-8B7A-BE409D59768D}.Debug|x86.Build.0 = Debug|Win32
		{A3FC0430-26F2-4EBF-8B7A-BE409D59768D}.Release_MAK|Any CPU.ActiveCfg = Release_MAK|x64
		{A3FC0430-26F2-4EBF-8B7A-BE409D59768D}.Release_MAK|Any CPU.Build.0 = Release_MAK|x64
		{A3FC0430-26F2-4EBF-8B7A-BE409D59768D}.Release_MAK|x64.ActiveCfg = Release_MAK|x64
		{A3FC0430-26F2-4EBF-8B7A-BE409D59768D}.Release_MAK|x64.Build.0 = Release_MAK|x64
		{A3FC0430-26F2-4EBF-8B7A-BE409D59768D}.Release_MAK|x86.ActiveCfg = Release_MAK|Win32
		{A3FC0430-26F2-4EBF-8B7A-BE409D59768D}.Release_MAK|x86.Build.0 = Release_MAK|Win32
		{A3FC0430-26F2-4EBF-8B7A-BE409D59768D}.Release|Any CPU.ActiveCfg = Release|x64
		{A3FC0430-26F2-4EBF-8B7A-BE409D59768D}.Release|Any CPU.Build.0 = Release|x64
		{A3FC0430-26F2-4EBF-8B7A-BE409D59768D}.Release|x64.ActiveCfg = Release|x64
		{A3FC0430-26F2-4EBF-8B7A-BE409D59768D}.Release|x64.Build.0 = Release|x64
		{A3FC0430-26F2-4EBF-8B7A-BE409D59768D}.Release|x86.ActiveCfg = Release|Win32
		{A3FC0430-26F2-4EBF-8B7A-BE409D59768D}.Release|x86.Build.0 = Release|Win32
		{1422E280-64A5-4E3D-915A-762DDB6233AD}.Debug_MAK|Any CPU.ActiveCfg = Release|Win32
		{1422E280-64A5-4E3D-915A-762DDB6233AD}.Debug_MAK|Any CPU.Build.0 = Release|Win32
		{1422E280-64A5-4E3D-915A-762DDB6233AD}.Debug_MAK|x64.ActiveCfg = Debug|x64
		{1422E280-64A5-4E3D-915A-762DDB6233AD}.Debug_MAK|x64.Build.0 = Debug|x64
		{1422E280-64A5-4E3D-915A-762DDB6233AD}.Debug_MAK|x86.ActiveCfg = Debug|Win32
		{1422E280-64A5-4E3D-915A-762DDB6233AD}.Debug_MAK|x86.Build.0 = Debug|Win32
		{1422E280-64A5-4E3D-915A-762DDB6233AD}.Debug|Any CPU.ActiveCfg = Debug|x64
		{1422E280-64A5-4E3D-915A-762DDB6233AD}.Debug|Any CPU.Build.0 = Debug|x64
		{1422E280-64A5-4E3D-915A-762DDB6233AD}.Debug|x64.ActiveCfg = Debug|x64
		{1422E280-64A5-4E3D-915A-762DDB6233AD}.Debug|x64.Build.0 = Debug|x64
		{1422E280-64A5-4E3D-915A-762DDB6233AD}.Debug|x86.ActiveCfg = Debug|Win32
		{1422E280-64A5-4E3D-915A-762DDB6233AD}.Debug|x86.Build.0 = Debug|Win32
		{1422E280-64A5-4E3D-915A-762DDB6233AD}.Release_MAK|Any CPU.ActiveCfg = Release|Win32
		{1422E280-64A5-4E3D-915A-762DDB6233AD}.Release_MAK|Any CPU.Build.0 = Release|Win32
		{1422E280-64A5-4E3D-915A-762DDB6233AD}.Release_MAK|x64.ActiveCfg = Release|x64
		{1422E280-64A5-4E3D-915A-762DDB6233AD}.Release_MAK|x64.Build.0 = Release|x64
		{1422E280-64A5-4E3D-915A-762DDB6233AD}.Release_MAK|x86.ActiveCfg = Release|Win32
		{1422E280-64A5-4E3D-915A-762DDB6233AD}.Release_MAK|x86.Build.0 = Release|Win32
		{1422E280-64A5-4E3D-915A-762DDB6233AD}.Release|Any CPU.ActiveCfg = Release|x64
		{1422E280-64A5-4E3D-915A-762DDB6233AD}.Release|Any CPU.Build.0 = Release|x64
		{1422E280-64A5-4E3D-915A-762DDB6233AD}.Release|x64.ActiveCfg = Release|x64
		{1422E280-64A5-4E3D-915A-762DDB6233AD}.Release|x64.Build.0 = Release|x64
		{1422E280-64A5-4E3D-915A-762DDB6233AD}.Release|x86.ActiveCfg = Release|Win32
		{1422E280-64A5-4E3D-915A-762DDB6233AD}.Release|x86.Build.0 = Release|Win32
		{7EE80D1B-8BBB-4BEC-AE7A-A610A746DCB2}.Debug_MAK|Any CPU.ActiveCfg = Debug|x64
		{7EE80D1B-8BBB-4BEC-AE7A-A610A746DCB2}.Debug_MAK|Any CPU.Build.0 = Debug|x64
		{7EE80D1B-8BBB-4BEC-AE7A-A610A746DCB2}.Debug_MAK|x64.ActiveCfg = Debug|x64
		{7EE80D1B-8BBB-4BEC-AE7A-A610A746DCB2}.Debug_MAK|x64.Build.0 = Debug|x64
		{7EE80D1B-8BBB-4BEC-AE7A-A610A746DCB2}.Debug_MAK|x86.ActiveCfg = Debug|Win32
		{7EE80D1B-8BBB-4BEC-AE7A-A610A746DCB2}.Debug_MAK|x86.Build.0 = Debug|Win32
		{7EE80D1B-8BBB-4BEC-AE7A-A610A746DCB2}.Debug|Any CPU.ActiveCfg = Debug|x64
		{7EE80D1B-8BBB-4BEC-AE7A-A610A746DCB2}.Debug|Any CPU.Build.0 = Debug|x64
		{7EE80D1B-8BBB-4BEC-AE7A-A610A746DCB2}.Debug|x64.ActiveCfg = Debug|x64
		{7EE80D1B-8BBB-4BEC-AE7A-A610A746DCB2}.Debug|x64.Build.0 = Debug|x64
		{7EE80D1B-8BBB-4BEC-AE7A-A610A746DCB2}.Debug|x86.ActiveCfg = Debug|Win32
		{7EE80D1B-8BBB-4BEC-AE7A-A610A746DCB2}.Debug|x86.Build.0 = Debug|Win32
		{7EE80D1B-8BBB-4BEC-AE7A-A610A746DCB2}.Release_MAK|Any CPU.ActiveCfg = Release|x64
		{7EE80D1B-8BBB-4BEC-AE7A-A610A746DCB2}.Release_MAK|Any CPU.Build.0 = Release|x64
		{7EE80D1B-8BBB-4BEC-AE7A-A610A746DCB2}.Release_MAK|x64.ActiveCfg = Release|x64
		{7EE80D1B-8BBB-4BEC-AE7A-A610A746DCB2}.Release_MAK|x64.Build.0 = Release|x64
		{7EE80D1B-8BBB-4BEC-AE7A-A610A746DCB2}.Release_MAK|x86.ActiveCfg = Release|Win32
		{7EE80D1B-8BBB-4BEC-AE7A-A610A746DCB2}.Release_MAK|x86.Build.0 = Release|Win32
		{7EE80D1B-8BBB-4BEC-AE7A-A610A746DCB2}.Release|Any CPU.ActiveCfg = Release|x64
		{7EE80D1B-8BBB-4BEC-AE7A-A610A746DCB2}.Release|Any CPU.Build.0 = Release|x64
		{7EE80D1B-8BBB-4BEC-AE7A-A610A746DCB2}.Release|x64.ActiveCfg = Release|x64
		{7EE80D1B-8BBB-4BEC-AE7A-A610A746DCB2}.Release|x64.Build.0 = Release|x64
		{7EE80D1B-8BBB-4BEC-AE7A-A610A746DCB2}.Release|x86.ActiveCfg = Release|Win32
		{7EE80D1B-8BBB-4BEC-AE7A-A610A746DCB2}.Release|x86.Build.0 = Release|Win32
		{CC0DA053-0730-428B-9B84-9C5584C0EDBE}.Debug_MAK|Any CPU.ActiveCfg = Debug|x64
		{CC0DA053-0730-428B-9B84-9C5584C0EDBE}.Debug_MAK|Any CPU.Build.0 = Debug|x64
		{CC0DA053-0730-428B-9B84-9C5584C0EDBE}.Debug_MAK|x64.ActiveCfg = Debug|x64
		{CC0DA053-0730-428B-9B84-9C5584C0EDBE}.Debug_MAK|x64.Build.0 = Debug|x64
		{CC0DA053-0730-428B-9B84-9C5584C0EDBE}.Debug_MAK|x86.ActiveCfg = Debug|Win32
		{CC0DA053-0730-428B-9B84-9C5584C0EDBE}.Debug_MAK|x86.Build.0 = Debug|Win32
		{CC0DA053-0730-428B-9B84-9C5584C0EDBE}.Debug|Any CPU.ActiveCfg = Debug|x64
		{CC0DA053-0730-428B-9B84-9C5584C0EDBE}.Debug|Any CPU.Build.0 = Debug|x64
		{CC0DA053-0730-428B-9B84-9C5584C0EDBE}.Debug|x64.ActiveCfg = Debug|x64
		{CC0DA053-0730-428B-9B84-9C5584C0EDBE}.Debug|x64.Build.0 = Debug|x64
		{CC0DA053-0730-428B-9B84-9C5584C0EDBE}.Debug|x86.ActiveCfg = Debug|Win32
		{CC0DA053-0730-428B-9B84-9C5584C0EDBE}.Debug|x86.Build.0 = Debug|Win32
		{CC0DA053-0730-428B-9B84-9C5584C0EDBE}.Release_MAK|Any CPU.ActiveCfg = Release|x64
		{CC0DA053-0730-428B-9B84-9C5584C0EDBE}.Release_MAK|Any CPU.Build.0 = Release|x64
		{CC0DA053-0730-428B-9B84-9C5584C0EDBE}.Release_MAK|x64.ActiveCfg = Release|x64
		{CC0DA053-0730-428B-9B84-9C5584C0EDBE}.Release_MAK|x64.Build.0 = Release|x64
		{CC0DA053-0730-428B-9B84-9C5584C0EDBE}.Release_MAK|x86.ActiveCfg = Release|Win32
		{CC0DA053-0730-428B-9B84-9C5584C0EDBE}.Release_MAK|x86.Build.0 = Release|Win32
		{CC0DA053-0730-428B-9B84-9C5584C0EDBE}.Release|Any CPU.ActiveCfg = Release|x64
		{CC0DA053-0730-428B-9B84-9C5584C0EDBE}.Release|Any CPU.Build.0 = Release|x64
		{CC0DA053-0730-428B-9B84-9C5584C0EDBE}.Release|x64.ActiveCfg = Release|x64
		{CC0DA053-0730-428B-9B84-9C5584C0EDBE}.Release|x64.Build.0 = Release|x64
		{CC0DA053-0730-428B-9B84-9C5584C0EDBE}.Release|x86.ActiveCfg = Release|Win32
		{CC0DA053-0730-428B-9B84-9C5584C0EDBE}.Release|x86.Build.0 = Release|Win32
		{BEED4211-97CB-424D-BBF1-93E06FC36470}.Debug_MAK|Any CPU.ActiveCfg = Debug|x64
		{BEED4211-97CB-424D-BBF1-93E06FC36470}.Debug_MAK|Any CPU.Build.0 = Debug|x64
		{BEED4211-97CB-424D-BBF1-93E06FC36470}.Debug_MAK|x64.ActiveCfg = Debug|x64
		{BEED4211-97CB-424D-BBF1-93E06FC36470}.Debug_MAK|x64.Build.0 = Debug|x64
		{BEED4211-97CB-424D-BBF1-93E06FC36470}.Debug_MAK|x86.ActiveCfg = Debug|Win32
		{BEED4211-97CB-424D-BBF1-93E06FC36470}.Debug_MAK|x86.Build.0 = Debug|Win32
		{BEED4211-97CB-424D-BBF1-93E06FC36470}.Debug|Any CPU.ActiveCfg = Debug|x64
		{BEED4211-97CB-424D-BBF1-93E06FC36470}.Debug|Any CPU.Build.0 = Debug|x64
		{BEED4211-97CB-424D-BBF1-93E06FC36470}.Debug|x64.ActiveCfg = Debug|x64
		{BEED4211-97CB-424D-BBF1-93E06FC36470}.Debug|x64.Build.0 = Debug|x64
		{BEED4211-97CB-424D-BBF1-93E06FC36470}.Debug|x86.ActiveCfg = Debug|Win32
		{BEED4211-97CB-424D-BBF1-93E06FC36470}.Debug|x86.Build.0 = Debug|Win32
		{BEED4211-97CB-424D-BBF1-93E06FC36470}.Release_MAK|Any CPU.ActiveCfg = Release|x64
		{BEED4211-97CB-424D-BBF1-93E06FC36470}.Release_MAK|Any CPU.Build.0 = Release|x64
		{BEED4211-97CB-424D-BBF1-93E06FC36470}.Release_MAK|x64.ActiveCfg = Release|x64
		{BEED4211-97CB-424D-BBF1-93E06FC36470}.Release_MAK|x64.Build.0 = Release|x64
		{BEED4211-97CB-424D-BBF1-93E06FC36470}.Release_MAK|x86.ActiveCfg = Release|Win32
		{BEED4211-97CB-424D-BBF1-93E06FC36470}.Release_MAK|x86.Build.0 = Release|Win32
		{BEED4211-97CB-424D-BBF1-93E06FC36470}.Release|Any CPU.ActiveCfg = Release|x64
		{BEED4211-97CB-424D-BBF1-93E06FC36470}.Release|Any CPU.Build.0 = Release|x64
		{BEED4211-97CB-424D-BBF1-93E06FC36470}.Release|x64.ActiveCfg = Release|x64
		{BEED4211-97CB-424D-BBF1-93E06FC36470}.Release|x64.Build.0 = Release|x64
		{BEED4211-97CB-424D-BBF1-93E06FC36470}.Release|x86.ActiveCfg = Release|Win32
		{BEED4211-97CB-424D-BBF1-93E06FC36470}.Release|x86.Build.0 = Release|Win32
	EndGlobalSection
	GlobalSection(SolutionProperties) = preSolution
		HideSolutionNode = FALSE
	EndGlobalSection
	GlobalSection(NestedProjects) = preSolution
		{6DAF4964-BE0C-4D51-9607-9882759B9737} = {8AB46294-6251-4E0B-A535-C30AC8A5AA40}
		{A3FC0430-26F2-4EBF-8B7A-BE409D59768D} = {0FA14B51-DE65-4B73-B867-98E01E6727D3}
		{1422E280-64A5-4E3D-915A-762DDB6233AD} = {190E9A0A-A577-4E01-8462-5B3DBBD41D28}
		{7EE80D1B-8BBB-4BEC-AE7A-A610A746DCB2} = {190E9A0A-A577-4E01-8462-5B3DBBD41D28}
		{CC0DA053-0730-428B-9B84-9C5584C0EDBE} = {190E9A0A-A577-4E01-8462-5B3DBBD41D28}
		{BEED4211-97CB-424D-BBF1-93E06FC36470} = {190E9A0A-A577-4E01-8462-5B3DBBD41D28}
	EndGlobalSection
	GlobalSection(ExtensibilityGlobals) = postSolution
		SolutionGuid = {6017363D-9B27-43A1-9E66-5FC3C543B73E}
	EndGlobalSection
EndGlobal
