<?xml version="1.0" encoding="utf-8"?>
<Project ToolsVersion="4.0" xmlns="http://schemas.microsoft.com/developer/msbuild/2003">
  <ItemGroup>
    <ClCompile Include="CommMessageHandler.cpp">
      <Filter>소스 파일</Filter>
    </ClCompile>
    <ClCompile Include="TCPCommunicationManager.cpp">
      <Filter>소스 파일</Filter>
    </ClCompile>
  </ItemGroup>
  <ItemGroup>
    <ClInclude Include="CommMessageHandler.h">
      <Filter>헤더 파일</Filter>
    </ClInclude>
    <ClInclude Include="TCPCommunicationManager.h">
      <Filter>헤더 파일</Filter>
    </ClInclude>
  </ItemGroup>
  <ItemGroup>
    <Filter Include="리소스 파일">
      <UniqueIdentifier>{74e3f2e0-05aa-4214-a66f-fe841c5ba641}</UniqueIdentifier>
    </Filter>
    <Filter Include="소스 파일">
      <UniqueIdentifier>{1844a9e9-aad1-459b-934c-d2abb2417d10}</UniqueIdentifier>
    </Filter>
    <Filter Include="헤더 파일">
      <UniqueIdentifier>{10caed74-8590-4772-b62b-4dfb70e05a6e}</UniqueIdentifier>
    </Filter>
  </ItemGroup>
  <ItemGroup>
    <Xml Include="..\..\bin\TCPCommunicationManager\TCPCommunicationManager.xml">
      <Filter>리소스 파일</Filter>
    </Xml>
  </ItemGroup>
  <ItemGroup>
    <None Include="..\..\bin\TCPCommunicationManager\CommLinkInfo.ini">
      <Filter>리소스 파일</Filter>
    </None>
  </ItemGroup>
</Project>